
Microsoft Visual Studio Solution File, Format Version 12.00
# Visual Studio Version 17
VisualStudioVersion = 17.5.002.0
MinimumVisualStudioVersion = 10.0.40219.1
Project("{9A19103F-16F7-4668-BE54-9A1E7A4F7556}") = "CalendarAPI", "CalendarAPI.csproj", "{8D36117E-6520-4842-9E5A-DD9FC6739632}"
EndProject
Global
	GlobalSection(SolutionConfigurationPlatforms) = preSolution
		Debug|Any CPU = Debug|Any CPU
		Release|Any CPU = Release|Any CPU
	EndGlobalSection
	GlobalSection(ProjectConfigurationPlatforms) = postSolution
		{8D36117E-6520-4842-9E5A-DD9FC6739632}.Debug|Any CPU.ActiveCfg = Debug|Any CPU
		{8D36117E-6520-4842-9E5A-DD9FC6739632}.Debug|Any CPU.Build.0 = Debug|Any CPU
		{8D36117E-6520-4842-9E5A-DD9FC6739632}.Release|Any CPU.ActiveCfg = Release|Any CPU
		{8D36117E-6520-4842-9E5A-DD9FC6739632}.Release|Any CPU.Build.0 = Release|Any CPU
	EndGlobalSection
	GlobalSection(SolutionProperties) = preSolution
		HideSolutionNode = FALSE
	EndGlobalSection
	GlobalSection(ExtensibilityGlobals) = postSolution
		SolutionGuid = {830C8CFF-9EFC-4BCE-87EB-2D1867B9C0B6}
	EndGlobalSection
EndGlobal
